// !$*UTF8*$!
{
	archiveVersion = 1;
	classes = {
	};
	objectVersion = 50;
	objects = {

/* Begin PBXBuildFile section */
		340624812270E9A000B39D5B /* AppDelegate.swift in Sources */ = {isa = PBXBuildFile; fileRef = 340624802270E9A000B39D5B /* AppDelegate.swift */; };
		340624862270E9A000B39D5B /* Main.storyboard in Resources */ = {isa = PBXBuildFile; fileRef = 340624842270E9A000B39D5B /* Main.storyboard */; };
		3406248B2270E9A200B39D5B /* LaunchScreen.storyboard in Resources */ = {isa = PBXBuildFile; fileRef = 340624892270E9A200B39D5B /* LaunchScreen.storyboard */; };
		340624A02270ECA200B39D5B /* BaseCoordinator.swift in Sources */ = {isa = PBXBuildFile; fileRef = 3406249F2270ECA200B39D5B /* BaseCoordinator.swift */; };
		340624A92270EF0F00B39D5B /* HTTPStatusCodes+Extensions.swift in Sources */ = {isa = PBXBuildFile; fileRef = 340624A42270EF0F00B39D5B /* HTTPStatusCodes+Extensions.swift */; };
		340624AA2270EF0F00B39D5B /* HTTPStatusCodes.swift in Sources */ = {isa = PBXBuildFile; fileRef = 340624A52270EF0F00B39D5B /* HTTPStatusCodes.swift */; };
		340624AB2270EF0F00B39D5B /* RequestError.swift in Sources */ = {isa = PBXBuildFile; fileRef = 340624A62270EF0F00B39D5B /* RequestError.swift */; };
		340624AC2270EF0F00B39D5B /* RequestResponse.swift in Sources */ = {isa = PBXBuildFile; fileRef = 340624A72270EF0F00B39D5B /* RequestResponse.swift */; };
		340624AE2270F06D00B39D5B /* AppCoordinator.swift in Sources */ = {isa = PBXBuildFile; fileRef = 340624AD2270F06D00B39D5B /* AppCoordinator.swift */; };
		340829C522A19BC800A31ABB /* SessionDao.swift in Sources */ = {isa = PBXBuildFile; fileRef = 340829C422A19BC800A31ABB /* SessionDao.swift */; };
		3408FA54228C42D500433B61 /* Assets.xcassets in Resources */ = {isa = PBXBuildFile; fileRef = 3408FA53228C42D500433B61 /* Assets.xcassets */; };
		3408FA57228C4BAC00433B61 /* VkEnterButton.swift in Sources */ = {isa = PBXBuildFile; fileRef = 3408FA56228C4BAC00433B61 /* VkEnterButton.swift */; };
		3408FA59228C4FFE00433B61 /* Colors.xcassets in Resources */ = {isa = PBXBuildFile; fileRef = 3408FA58228C4FFE00433B61 /* Colors.xcassets */; };
		3408FA5B228C6EA100433B61 /* SignInCoordinator.swift in Sources */ = {isa = PBXBuildFile; fileRef = 3408FA5A228C6EA100433B61 /* SignInCoordinator.swift */; };
		3408FA5D228C743400433B61 /* UIButton+BackgroundColor.swift in Sources */ = {isa = PBXBuildFile; fileRef = 3408FA5C228C743400433B61 /* UIButton+BackgroundColor.swift */; };
		3408FA60228C79EF00433B61 /* DI.swift in Sources */ = {isa = PBXBuildFile; fileRef = 3408FA5F228C79EF00433B61 /* DI.swift */; };
		3408FA62228C7A3F00433B61 /* DIContainer.swift in Sources */ = {isa = PBXBuildFile; fileRef = 3408FA61228C7A3F00433B61 /* DIContainer.swift */; };
		3408FA6B228C7A8100433B61 /* CoordinatorContainer.swift in Sources */ = {isa = PBXBuildFile; fileRef = 3408FA63228C7A8000433B61 /* CoordinatorContainer.swift */; };
		3408FA6C228C7A8100433B61 /* CoreContainer.swift in Sources */ = {isa = PBXBuildFile; fileRef = 3408FA64228C7A8000433B61 /* CoreContainer.swift */; };
		3408FA6D228C7A8100433B61 /* DataContainer.swift in Sources */ = {isa = PBXBuildFile; fileRef = 3408FA65228C7A8000433B61 /* DataContainer.swift */; };
		3408FA6E228C7A8100433B61 /* ParseContainer.swift in Sources */ = {isa = PBXBuildFile; fileRef = 3408FA66228C7A8000433B61 /* ParseContainer.swift */; };
		3408FA6F228C7A8100433B61 /* DaoContainer.swift in Sources */ = {isa = PBXBuildFile; fileRef = 3408FA67228C7A8100433B61 /* DaoContainer.swift */; };
		3408FA70228C7A8100433B61 /* ServiceContainer.swift in Sources */ = {isa = PBXBuildFile; fileRef = 3408FA68228C7A8100433B61 /* ServiceContainer.swift */; };
		3408FA71228C7A8100433B61 /* PresentationContainer.swift in Sources */ = {isa = PBXBuildFile; fileRef = 3408FA69228C7A8100433B61 /* PresentationContainer.swift */; };
		3408FA72228C7A8100433B61 /* ConfigContainer.swift in Sources */ = {isa = PBXBuildFile; fileRef = 3408FA6A228C7A8100433B61 /* ConfigContainer.swift */; };
		3408FA78228C9B0200433B61 /* UIViewController+Init.swift in Sources */ = {isa = PBXBuildFile; fileRef = 3408FA77228C9B0200433B61 /* UIViewController+Init.swift */; };
		3408FA7A228C9B5700433B61 /* AuthViewController.xib in Resources */ = {isa = PBXBuildFile; fileRef = 3408FA79228C9B5700433B61 /* AuthViewController.xib */; };
		341F0E1B22B1879A007791F8 /* BoolInt.swift in Sources */ = {isa = PBXBuildFile; fileRef = 341F0E1A22B1879A007791F8 /* BoolInt.swift */; };
		341F0E1D22B18923007791F8 /* AttachmentDto.swift in Sources */ = {isa = PBXBuildFile; fileRef = 341F0E1C22B18923007791F8 /* AttachmentDto.swift */; };
		341F0E1F22B18966007791F8 /* PhotoDto.swift in Sources */ = {isa = PBXBuildFile; fileRef = 341F0E1E22B18966007791F8 /* PhotoDto.swift */; };
		341F0E2122B18993007791F8 /* VideoDto.swift in Sources */ = {isa = PBXBuildFile; fileRef = 341F0E2022B18993007791F8 /* VideoDto.swift */; };
		3436A01122ABF7E800D8E72E /* WelcomeCoordinator.swift in Sources */ = {isa = PBXBuildFile; fileRef = 3436A01022ABF7E800D8E72E /* WelcomeCoordinator.swift */; };
		3436A01422AC1BB200D8E72E /* MainTabBarCoordinator.swift in Sources */ = {isa = PBXBuildFile; fileRef = 3436A01322AC1BB200D8E72E /* MainTabBarCoordinator.swift */; };
		3436A02022AC48A400D8E72E /* ViperModuleOutput.swift in Sources */ = {isa = PBXBuildFile; fileRef = 3436A01A22AC48A400D8E72E /* ViperModuleOutput.swift */; };
		3436A02122AC48A400D8E72E /* ViperModuleInput.swift in Sources */ = {isa = PBXBuildFile; fileRef = 3436A01B22AC48A400D8E72E /* ViperModuleInput.swift */; };
		3436A02222AC48A400D8E72E /* ViperModuleTransitionHandler.swift in Sources */ = {isa = PBXBuildFile; fileRef = 3436A01C22AC48A400D8E72E /* ViperModuleTransitionHandler.swift */; };
		3436A02322AC48A400D8E72E /* ViperViewController.swift in Sources */ = {isa = PBXBuildFile; fileRef = 3436A01D22AC48A400D8E72E /* ViperViewController.swift */; };
		3436A02422AC48A400D8E72E /* ViperModuleInitializer.swift in Sources */ = {isa = PBXBuildFile; fileRef = 3436A01E22AC48A400D8E72E /* ViperModuleInitializer.swift */; };
		3436A02522AC48A400D8E72E /* ViperRouterProtocol.swift in Sources */ = {isa = PBXBuildFile; fileRef = 3436A01F22AC48A400D8E72E /* ViperRouterProtocol.swift */; };
		3436A02722AE700700D8E72E /* BaseViewController.swift in Sources */ = {isa = PBXBuildFile; fileRef = 3436A02622AE700600D8E72E /* BaseViewController.swift */; };
		3436A02922AE711A00D8E72E /* UIViewController+Style.swift in Sources */ = {isa = PBXBuildFile; fileRef = 3436A02822AE711A00D8E72E /* UIViewController+Style.swift */; };
		3436A02B22AE71CD00D8E72E /* UIView+InCallStatusBar.swift in Sources */ = {isa = PBXBuildFile; fileRef = 3436A02A22AE71CD00D8E72E /* UIView+InCallStatusBar.swift */; };
		3436A02D22AE731300D8E72E /* UIColor+Factory.swift in Sources */ = {isa = PBXBuildFile; fileRef = 3436A02C22AE731300D8E72E /* UIColor+Factory.swift */; };
		345530B1229C43A50069E335 /* SignInViewController.swift in Sources */ = {isa = PBXBuildFile; fileRef = 345530B0229C43A50069E335 /* SignInViewController.swift */; };
		345530B3229C43B30069E335 /* SignInViewModel.swift in Sources */ = {isa = PBXBuildFile; fileRef = 345530B2229C43B30069E335 /* SignInViewModel.swift */; };
		345530B5229C43DE0069E335 /* SignInViewController.xib in Resources */ = {isa = PBXBuildFile; fileRef = 345530B4229C43DE0069E335 /* SignInViewController.xib */; };
		345530B7229D84FD0069E335 /* UserSessionManager.swift in Sources */ = {isa = PBXBuildFile; fileRef = 345530B6229D84FD0069E335 /* UserSessionManager.swift */; };
		345530BB229DA3860069E335 /* IUserSessionManager.swift in Sources */ = {isa = PBXBuildFile; fileRef = 345530BA229DA3860069E335 /* IUserSessionManager.swift */; };
		3489942522A7C2E500CC0E5B /* FeedManager.swift in Sources */ = {isa = PBXBuildFile; fileRef = 3489942422A7C2E500CC0E5B /* FeedManager.swift */; };
		3489942722A7C2EC00CC0E5B /* IFeedManager.swift in Sources */ = {isa = PBXBuildFile; fileRef = 3489942622A7C2EC00CC0E5B /* IFeedManager.swift */; };
		349BB8E822AE76AC003397DC /* FeedTableViewCell.swift in Sources */ = {isa = PBXBuildFile; fileRef = 349BB8E722AE76AC003397DC /* FeedTableViewCell.swift */; };
		349BB8EB22AE76BF003397DC /* FeedTableViewCell.xib in Resources */ = {isa = PBXBuildFile; fileRef = 349BB8EA22AE76BF003397DC /* FeedTableViewCell.xib */; };
		349BB8F022AE7DC1003397DC /* FeedTarget.swift in Sources */ = {isa = PBXBuildFile; fileRef = 349BB8EF22AE7DC1003397DC /* FeedTarget.swift */; };
		349BB8F222AE9B6E003397DC /* MoyaProvider+Mapping.swift in Sources */ = {isa = PBXBuildFile; fileRef = 349BB8F122AE9B6E003397DC /* MoyaProvider+Mapping.swift */; };
		349BB8F722AEC838003397DC /* VKAccessTokenPlugin.swift in Sources */ = {isa = PBXBuildFile; fileRef = 349BB8F622AEC838003397DC /* VKAccessTokenPlugin.swift */; };
		349BB8F922AEF047003397DC /* MappedResponse.swift in Sources */ = {isa = PBXBuildFile; fileRef = 349BB8F822AEF047003397DC /* MappedResponse.swift */; };
		349BB8FB22AEF543003397DC /* FeedResponse.swift in Sources */ = {isa = PBXBuildFile; fileRef = 349BB8FA22AEF543003397DC /* FeedResponse.swift */; };
		349BB8FF22AEFA18003397DC /* FeedItemDto.swift in Sources */ = {isa = PBXBuildFile; fileRef = 349BB8FE22AEFA18003397DC /* FeedItemDto.swift */; };
		34D2D52B2289A808007A8113 /* AuthViewController.swift in Sources */ = {isa = PBXBuildFile; fileRef = 34D2D52A2289A808007A8113 /* AuthViewController.swift */; };
		34D2D52D2289A815007A8113 /* AuthViewModel.swift in Sources */ = {isa = PBXBuildFile; fileRef = 34D2D52C2289A815007A8113 /* AuthViewModel.swift */; };
		34D2D5302289D986007A8113 /* VkLogoView.swift in Sources */ = {isa = PBXBuildFile; fileRef = 34D2D52F2289D986007A8113 /* VkLogoView.swift */; };
		36B4884318471AE32BC2694F /* ChatViewInput.swift in Sources */ = {isa = PBXBuildFile; fileRef = 2906D2B6071CF8C5FD822BD2 /* ChatViewInput.swift */; };
		39AA7A4BC4E3EFD84BD41DD0 /* FeedRouter.swift in Sources */ = {isa = PBXBuildFile; fileRef = B7349F973D526317C2C448E9 /* FeedRouter.swift */; };
		439794A3950B2DDF3E22E347 /* ChatViewController.xib in Resources */ = {isa = PBXBuildFile; fileRef = A527030300C4B629FFE665CD /* ChatViewController.xib */; };
		48131229FB534D311E6056E2 /* FeedViewInput.swift in Sources */ = {isa = PBXBuildFile; fileRef = EB7248A6CE59E261BFCD0A95 /* FeedViewInput.swift */; };
		71B6A58A1B4F33BE6D662FE7 /* ChatViewController.swift in Sources */ = {isa = PBXBuildFile; fileRef = EFA11271A65EDBDFF89FDB84 /* ChatViewController.swift */; };
		76F94FDFB4D42EFCCF2344C4 /* FeedViewController.swift in Sources */ = {isa = PBXBuildFile; fileRef = F0D942B52393362D5BB1048B /* FeedViewController.swift */; };
		83E43A911D52622B90E8596D /* ChatViewOutput.swift in Sources */ = {isa = PBXBuildFile; fileRef = 887B74F5A2000993C446C870 /* ChatViewOutput.swift */; };
		8809F9D68A534FF626FD18AC /* FeedViewOutput.swift in Sources */ = {isa = PBXBuildFile; fileRef = EEB99552CB72701B15DDB287 /* FeedViewOutput.swift */; };
		90583B9B14D905B9D99983E8 /* ChatRouterInput.swift in Sources */ = {isa = PBXBuildFile; fileRef = 8FDE9F337A34870B97D8DC62 /* ChatRouterInput.swift */; };
		9E13B4859500BFDC237C2311 /* Pods_VKDemo.framework in Frameworks */ = {isa = PBXBuildFile; fileRef = 5B17F4096A4223227EB8E514 /* Pods_VKDemo.framework */; };
		B2EBCBF5A5B0A836875FF328 /* ChatRouter.swift in Sources */ = {isa = PBXBuildFile; fileRef = A649AB506DE1BE9F3AD7B6BE /* ChatRouter.swift */; };
		B6928985AAEDB89737C51659 /* ChatPresenter.swift in Sources */ = {isa = PBXBuildFile; fileRef = A611E03E685F7C9F7CFA868A /* ChatPresenter.swift */; };
		C64958277887EF491CCC0417 /* FeedPresenter.swift in Sources */ = {isa = PBXBuildFile; fileRef = D9DEA7F5E1C5F4F78E8516FB /* FeedPresenter.swift */; };
		CC73CAC264A8040490DF068A /* FeedRouterInput.swift in Sources */ = {isa = PBXBuildFile; fileRef = E5C10C2C88A69C59051AF725 /* FeedRouterInput.swift */; };
		F9125172C8BBC013C736168C /* FeedViewController.xib in Resources */ = {isa = PBXBuildFile; fileRef = FB1D8388E7C9BDA825FFB098 /* FeedViewController.xib */; };
/* End PBXBuildFile section */

/* Begin PBXFileReference section */
		2906D2B6071CF8C5FD822BD2 /* ChatViewInput.swift */ = {isa = PBXFileReference; includeInIndex = 1; lastKnownFileType = sourcecode.swift; path = ChatViewInput.swift; sourceTree = "<group>"; };
		3406247D2270E9A000B39D5B /* VKDemo.app */ = {isa = PBXFileReference; explicitFileType = wrapper.application; includeInIndex = 0; path = VKDemo.app; sourceTree = BUILT_PRODUCTS_DIR; };
		340624802270E9A000B39D5B /* AppDelegate.swift */ = {isa = PBXFileReference; lastKnownFileType = sourcecode.swift; path = AppDelegate.swift; sourceTree = "<group>"; };
		340624852270E9A000B39D5B /* Base */ = {isa = PBXFileReference; lastKnownFileType = file.storyboard; name = Base; path = Base.lproj/Main.storyboard; sourceTree = "<group>"; };
		3406248A2270E9A200B39D5B /* Base */ = {isa = PBXFileReference; lastKnownFileType = file.storyboard; name = Base; path = Base.lproj/LaunchScreen.storyboard; sourceTree = "<group>"; };
		3406248C2270E9A200B39D5B /* Info.plist */ = {isa = PBXFileReference; lastKnownFileType = text.plist.xml; path = Info.plist; sourceTree = "<group>"; };
		3406249F2270ECA200B39D5B /* BaseCoordinator.swift */ = {isa = PBXFileReference; lastKnownFileType = sourcecode.swift; path = BaseCoordinator.swift; sourceTree = "<group>"; };
		340624A42270EF0F00B39D5B /* HTTPStatusCodes+Extensions.swift */ = {isa = PBXFileReference; fileEncoding = 4; lastKnownFileType = sourcecode.swift; path = "HTTPStatusCodes+Extensions.swift"; sourceTree = "<group>"; };
		340624A52270EF0F00B39D5B /* HTTPStatusCodes.swift */ = {isa = PBXFileReference; fileEncoding = 4; lastKnownFileType = sourcecode.swift; path = HTTPStatusCodes.swift; sourceTree = "<group>"; };
		340624A62270EF0F00B39D5B /* RequestError.swift */ = {isa = PBXFileReference; fileEncoding = 4; lastKnownFileType = sourcecode.swift; path = RequestError.swift; sourceTree = "<group>"; };
		340624A72270EF0F00B39D5B /* RequestResponse.swift */ = {isa = PBXFileReference; fileEncoding = 4; lastKnownFileType = sourcecode.swift; path = RequestResponse.swift; sourceTree = "<group>"; };
		340624AD2270F06D00B39D5B /* AppCoordinator.swift */ = {isa = PBXFileReference; lastKnownFileType = sourcecode.swift; path = AppCoordinator.swift; sourceTree = "<group>"; };
		340829C422A19BC800A31ABB /* SessionDao.swift */ = {isa = PBXFileReference; lastKnownFileType = sourcecode.swift; path = SessionDao.swift; sourceTree = "<group>"; };
		3408FA53228C42D500433B61 /* Assets.xcassets */ = {isa = PBXFileReference; lastKnownFileType = folder.assetcatalog; path = Assets.xcassets; sourceTree = "<group>"; };
		3408FA56228C4BAC00433B61 /* VkEnterButton.swift */ = {isa = PBXFileReference; lastKnownFileType = sourcecode.swift; path = VkEnterButton.swift; sourceTree = "<group>"; };
		3408FA58228C4FFE00433B61 /* Colors.xcassets */ = {isa = PBXFileReference; lastKnownFileType = folder.assetcatalog; path = Colors.xcassets; sourceTree = "<group>"; };
		3408FA5A228C6EA100433B61 /* SignInCoordinator.swift */ = {isa = PBXFileReference; lastKnownFileType = sourcecode.swift; path = SignInCoordinator.swift; sourceTree = "<group>"; };
		3408FA5C228C743400433B61 /* UIButton+BackgroundColor.swift */ = {isa = PBXFileReference; lastKnownFileType = sourcecode.swift; path = "UIButton+BackgroundColor.swift"; sourceTree = "<group>"; };
		3408FA5F228C79EF00433B61 /* DI.swift */ = {isa = PBXFileReference; lastKnownFileType = sourcecode.swift; path = DI.swift; sourceTree = "<group>"; };
		3408FA61228C7A3F00433B61 /* DIContainer.swift */ = {isa = PBXFileReference; lastKnownFileType = sourcecode.swift; path = DIContainer.swift; sourceTree = "<group>"; };
		3408FA63228C7A8000433B61 /* CoordinatorContainer.swift */ = {isa = PBXFileReference; fileEncoding = 4; lastKnownFileType = sourcecode.swift; path = CoordinatorContainer.swift; sourceTree = "<group>"; };
		3408FA64228C7A8000433B61 /* CoreContainer.swift */ = {isa = PBXFileReference; fileEncoding = 4; lastKnownFileType = sourcecode.swift; path = CoreContainer.swift; sourceTree = "<group>"; };
		3408FA65228C7A8000433B61 /* DataContainer.swift */ = {isa = PBXFileReference; fileEncoding = 4; lastKnownFileType = sourcecode.swift; path = DataContainer.swift; sourceTree = "<group>"; };
		3408FA66228C7A8000433B61 /* ParseContainer.swift */ = {isa = PBXFileReference; fileEncoding = 4; lastKnownFileType = sourcecode.swift; path = ParseContainer.swift; sourceTree = "<group>"; };
		3408FA67228C7A8100433B61 /* DaoContainer.swift */ = {isa = PBXFileReference; fileEncoding = 4; lastKnownFileType = sourcecode.swift; path = DaoContainer.swift; sourceTree = "<group>"; };
		3408FA68228C7A8100433B61 /* ServiceContainer.swift */ = {isa = PBXFileReference; fileEncoding = 4; lastKnownFileType = sourcecode.swift; path = ServiceContainer.swift; sourceTree = "<group>"; };
		3408FA69228C7A8100433B61 /* PresentationContainer.swift */ = {isa = PBXFileReference; fileEncoding = 4; lastKnownFileType = sourcecode.swift; path = PresentationContainer.swift; sourceTree = "<group>"; };
		3408FA6A228C7A8100433B61 /* ConfigContainer.swift */ = {isa = PBXFileReference; fileEncoding = 4; lastKnownFileType = sourcecode.swift; path = ConfigContainer.swift; sourceTree = "<group>"; };
		3408FA77228C9B0200433B61 /* UIViewController+Init.swift */ = {isa = PBXFileReference; lastKnownFileType = sourcecode.swift; path = "UIViewController+Init.swift"; sourceTree = "<group>"; };
		3408FA79228C9B5700433B61 /* AuthViewController.xib */ = {isa = PBXFileReference; lastKnownFileType = file.xib; path = AuthViewController.xib; sourceTree = "<group>"; };
		341F0E1A22B1879A007791F8 /* BoolInt.swift */ = {isa = PBXFileReference; lastKnownFileType = sourcecode.swift; path = BoolInt.swift; sourceTree = "<group>"; };
		341F0E1C22B18923007791F8 /* AttachmentDto.swift */ = {isa = PBXFileReference; lastKnownFileType = sourcecode.swift; path = AttachmentDto.swift; sourceTree = "<group>"; };
		341F0E1E22B18966007791F8 /* PhotoDto.swift */ = {isa = PBXFileReference; lastKnownFileType = sourcecode.swift; path = PhotoDto.swift; sourceTree = "<group>"; };
		341F0E2022B18993007791F8 /* VideoDto.swift */ = {isa = PBXFileReference; lastKnownFileType = sourcecode.swift; path = VideoDto.swift; sourceTree = "<group>"; };
		3436A01022ABF7E800D8E72E /* WelcomeCoordinator.swift */ = {isa = PBXFileReference; lastKnownFileType = sourcecode.swift; path = WelcomeCoordinator.swift; sourceTree = "<group>"; };
		3436A01322AC1BB200D8E72E /* MainTabBarCoordinator.swift */ = {isa = PBXFileReference; lastKnownFileType = sourcecode.swift; path = MainTabBarCoordinator.swift; sourceTree = "<group>"; };
		3436A01A22AC48A400D8E72E /* ViperModuleOutput.swift */ = {isa = PBXFileReference; fileEncoding = 4; lastKnownFileType = sourcecode.swift; path = ViperModuleOutput.swift; sourceTree = "<group>"; };
		3436A01B22AC48A400D8E72E /* ViperModuleInput.swift */ = {isa = PBXFileReference; fileEncoding = 4; lastKnownFileType = sourcecode.swift; path = ViperModuleInput.swift; sourceTree = "<group>"; };
		3436A01C22AC48A400D8E72E /* ViperModuleTransitionHandler.swift */ = {isa = PBXFileReference; fileEncoding = 4; lastKnownFileType = sourcecode.swift; path = ViperModuleTransitionHandler.swift; sourceTree = "<group>"; };
		3436A01D22AC48A400D8E72E /* ViperViewController.swift */ = {isa = PBXFileReference; fileEncoding = 4; lastKnownFileType = sourcecode.swift; path = ViperViewController.swift; sourceTree = "<group>"; };
		3436A01E22AC48A400D8E72E /* ViperModuleInitializer.swift */ = {isa = PBXFileReference; fileEncoding = 4; lastKnownFileType = sourcecode.swift; path = ViperModuleInitializer.swift; sourceTree = "<group>"; };
		3436A01F22AC48A400D8E72E /* ViperRouterProtocol.swift */ = {isa = PBXFileReference; fileEncoding = 4; lastKnownFileType = sourcecode.swift; path = ViperRouterProtocol.swift; sourceTree = "<group>"; };
		3436A02622AE700600D8E72E /* BaseViewController.swift */ = {isa = PBXFileReference; fileEncoding = 4; lastKnownFileType = sourcecode.swift; path = BaseViewController.swift; sourceTree = "<group>"; };
		3436A02822AE711A00D8E72E /* UIViewController+Style.swift */ = {isa = PBXFileReference; fileEncoding = 4; lastKnownFileType = sourcecode.swift; path = "UIViewController+Style.swift"; sourceTree = "<group>"; };
		3436A02A22AE71CD00D8E72E /* UIView+InCallStatusBar.swift */ = {isa = PBXFileReference; fileEncoding = 4; lastKnownFileType = sourcecode.swift; path = "UIView+InCallStatusBar.swift"; sourceTree = "<group>"; };
		3436A02C22AE731300D8E72E /* UIColor+Factory.swift */ = {isa = PBXFileReference; lastKnownFileType = sourcecode.swift; path = "UIColor+Factory.swift"; sourceTree = "<group>"; };
		345530B0229C43A50069E335 /* SignInViewController.swift */ = {isa = PBXFileReference; lastKnownFileType = sourcecode.swift; path = SignInViewController.swift; sourceTree = "<group>"; };
		345530B2229C43B30069E335 /* SignInViewModel.swift */ = {isa = PBXFileReference; lastKnownFileType = sourcecode.swift; path = SignInViewModel.swift; sourceTree = "<group>"; };
		345530B4229C43DE0069E335 /* SignInViewController.xib */ = {isa = PBXFileReference; lastKnownFileType = file.xib; path = SignInViewController.xib; sourceTree = "<group>"; };
		345530B6229D84FD0069E335 /* UserSessionManager.swift */ = {isa = PBXFileReference; lastKnownFileType = sourcecode.swift; path = UserSessionManager.swift; sourceTree = "<group>"; };
		345530BA229DA3860069E335 /* IUserSessionManager.swift */ = {isa = PBXFileReference; lastKnownFileType = sourcecode.swift; path = IUserSessionManager.swift; sourceTree = "<group>"; };
		3489942422A7C2E500CC0E5B /* FeedManager.swift */ = {isa = PBXFileReference; lastKnownFileType = sourcecode.swift; path = FeedManager.swift; sourceTree = "<group>"; };
		3489942622A7C2EC00CC0E5B /* IFeedManager.swift */ = {isa = PBXFileReference; lastKnownFileType = sourcecode.swift; path = IFeedManager.swift; sourceTree = "<group>"; };
		349BB8E722AE76AC003397DC /* FeedTableViewCell.swift */ = {isa = PBXFileReference; lastKnownFileType = sourcecode.swift; path = FeedTableViewCell.swift; sourceTree = "<group>"; };
		349BB8EA22AE76BF003397DC /* FeedTableViewCell.xib */ = {isa = PBXFileReference; lastKnownFileType = file.xib; path = FeedTableViewCell.xib; sourceTree = "<group>"; };
		349BB8EF22AE7DC1003397DC /* FeedTarget.swift */ = {isa = PBXFileReference; lastKnownFileType = sourcecode.swift; path = FeedTarget.swift; sourceTree = "<group>"; };
		349BB8F122AE9B6E003397DC /* MoyaProvider+Mapping.swift */ = {isa = PBXFileReference; lastKnownFileType = sourcecode.swift; path = "MoyaProvider+Mapping.swift"; sourceTree = "<group>"; };
		349BB8F622AEC838003397DC /* VKAccessTokenPlugin.swift */ = {isa = PBXFileReference; lastKnownFileType = sourcecode.swift; path = VKAccessTokenPlugin.swift; sourceTree = "<group>"; };
		349BB8F822AEF047003397DC /* MappedResponse.swift */ = {isa = PBXFileReference; lastKnownFileType = sourcecode.swift; path = MappedResponse.swift; sourceTree = "<group>"; };
		349BB8FA22AEF543003397DC /* FeedResponse.swift */ = {isa = PBXFileReference; lastKnownFileType = sourcecode.swift; path = FeedResponse.swift; sourceTree = "<group>"; };
		349BB8FE22AEFA18003397DC /* FeedItemDto.swift */ = {isa = PBXFileReference; lastKnownFileType = sourcecode.swift; path = FeedItemDto.swift; sourceTree = "<group>"; };
		34D2D52A2289A808007A8113 /* AuthViewController.swift */ = {isa = PBXFileReference; lastKnownFileType = sourcecode.swift; path = AuthViewController.swift; sourceTree = "<group>"; };
		34D2D52C2289A815007A8113 /* AuthViewModel.swift */ = {isa = PBXFileReference; lastKnownFileType = sourcecode.swift; path = AuthViewModel.swift; sourceTree = "<group>"; };
		34D2D52F2289D986007A8113 /* VkLogoView.swift */ = {isa = PBXFileReference; lastKnownFileType = sourcecode.swift; path = VkLogoView.swift; sourceTree = "<group>"; };
		436B60AFC158E4EC98719CD9 /* Pods-VKDemo.debug.xcconfig */ = {isa = PBXFileReference; includeInIndex = 1; lastKnownFileType = text.xcconfig; name = "Pods-VKDemo.debug.xcconfig"; path = "Target Support Files/Pods-VKDemo/Pods-VKDemo.debug.xcconfig"; sourceTree = "<group>"; };
		5B17F4096A4223227EB8E514 /* Pods_VKDemo.framework */ = {isa = PBXFileReference; explicitFileType = wrapper.framework; includeInIndex = 0; path = Pods_VKDemo.framework; sourceTree = BUILT_PRODUCTS_DIR; };
		6EC01E6C6F14070BA0DB98B7 /* Pods-VKDemo.release.xcconfig */ = {isa = PBXFileReference; includeInIndex = 1; lastKnownFileType = text.xcconfig; name = "Pods-VKDemo.release.xcconfig"; path = "Target Support Files/Pods-VKDemo/Pods-VKDemo.release.xcconfig"; sourceTree = "<group>"; };
		887B74F5A2000993C446C870 /* ChatViewOutput.swift */ = {isa = PBXFileReference; includeInIndex = 1; lastKnownFileType = sourcecode.swift; path = ChatViewOutput.swift; sourceTree = "<group>"; };
		8FDE9F337A34870B97D8DC62 /* ChatRouterInput.swift */ = {isa = PBXFileReference; includeInIndex = 1; lastKnownFileType = sourcecode.swift; path = ChatRouterInput.swift; sourceTree = "<group>"; };
		A527030300C4B629FFE665CD /* ChatViewController.xib */ = {isa = PBXFileReference; includeInIndex = 1; lastKnownFileType = file.xib; path = ChatViewController.xib; sourceTree = "<group>"; };
		A611E03E685F7C9F7CFA868A /* ChatPresenter.swift */ = {isa = PBXFileReference; includeInIndex = 1; lastKnownFileType = sourcecode.swift; path = ChatPresenter.swift; sourceTree = "<group>"; };
		A649AB506DE1BE9F3AD7B6BE /* ChatRouter.swift */ = {isa = PBXFileReference; includeInIndex = 1; lastKnownFileType = sourcecode.swift; path = ChatRouter.swift; sourceTree = "<group>"; };
		B7349F973D526317C2C448E9 /* FeedRouter.swift */ = {isa = PBXFileReference; includeInIndex = 1; lastKnownFileType = sourcecode.swift; path = FeedRouter.swift; sourceTree = "<group>"; };
		D9DEA7F5E1C5F4F78E8516FB /* FeedPresenter.swift */ = {isa = PBXFileReference; includeInIndex = 1; lastKnownFileType = sourcecode.swift; path = FeedPresenter.swift; sourceTree = "<group>"; };
		E5C10C2C88A69C59051AF725 /* FeedRouterInput.swift */ = {isa = PBXFileReference; includeInIndex = 1; lastKnownFileType = sourcecode.swift; path = FeedRouterInput.swift; sourceTree = "<group>"; };
		EB7248A6CE59E261BFCD0A95 /* FeedViewInput.swift */ = {isa = PBXFileReference; includeInIndex = 1; lastKnownFileType = sourcecode.swift; path = FeedViewInput.swift; sourceTree = "<group>"; };
		EEB99552CB72701B15DDB287 /* FeedViewOutput.swift */ = {isa = PBXFileReference; includeInIndex = 1; lastKnownFileType = sourcecode.swift; path = FeedViewOutput.swift; sourceTree = "<group>"; };
		EFA11271A65EDBDFF89FDB84 /* ChatViewController.swift */ = {isa = PBXFileReference; includeInIndex = 1; lastKnownFileType = sourcecode.swift; path = ChatViewController.swift; sourceTree = "<group>"; };
		F0D942B52393362D5BB1048B /* FeedViewController.swift */ = {isa = PBXFileReference; includeInIndex = 1; lastKnownFileType = sourcecode.swift; path = FeedViewController.swift; sourceTree = "<group>"; };
		FB1D8388E7C9BDA825FFB098 /* FeedViewController.xib */ = {isa = PBXFileReference; includeInIndex = 1; lastKnownFileType = file.xib; path = FeedViewController.xib; sourceTree = "<group>"; };
/* End PBXFileReference section */

/* Begin PBXFrameworksBuildPhase section */
		3406247A2270E9A000B39D5B /* Frameworks */ = {
			isa = PBXFrameworksBuildPhase;
			buildActionMask = 2147483647;
			files = (
				9E13B4859500BFDC237C2311 /* Pods_VKDemo.framework in Frameworks */,
			);
			runOnlyForDeploymentPostprocessing = 0;
		};
/* End PBXFrameworksBuildPhase section */

/* Begin PBXGroup section */
		016AFDBE9EF8F404B7ECD076 /* Pods */ = {
			isa = PBXGroup;
			children = (
				436B60AFC158E4EC98719CD9 /* Pods-VKDemo.debug.xcconfig */,
				6EC01E6C6F14070BA0DB98B7 /* Pods-VKDemo.release.xcconfig */,
			);
			path = Pods;
			sourceTree = "<group>";
		};
		0D920FC8439DBBFDBEDA2AD1 /* View */ = {
			isa = PBXGroup;
			children = (
				EFA11271A65EDBDFF89FDB84 /* ChatViewController.swift */,
				A527030300C4B629FFE665CD /* ChatViewController.xib */,
				2906D2B6071CF8C5FD822BD2 /* ChatViewInput.swift */,
				887B74F5A2000993C446C870 /* ChatViewOutput.swift */,
			);
			path = View;
			sourceTree = "<group>";
		};
		22442428BC60D83304463980 /* Router */ = {
			isa = PBXGroup;
			children = (
				E5C10C2C88A69C59051AF725 /* FeedRouterInput.swift */,
				B7349F973D526317C2C448E9 /* FeedRouter.swift */,
			);
			path = Router;
			sourceTree = "<group>";
		};
		340624742270E9A000B39D5B = {
			isa = PBXGroup;
			children = (
				3406247F2270E9A000B39D5B /* VKDemo */,
				3406247E2270E9A000B39D5B /* Products */,
				016AFDBE9EF8F404B7ECD076 /* Pods */,
				B8933D810FA23DC089BBCD4D /* Frameworks */,
			);
			sourceTree = "<group>";
		};
		3406247E2270E9A000B39D5B /* Products */ = {
			isa = PBXGroup;
			children = (
				3406247D2270E9A000B39D5B /* VKDemo.app */,
			);
			name = Products;
			sourceTree = "<group>";
		};
		3406247F2270E9A000B39D5B /* VKDemo */ = {
			isa = PBXGroup;
			children = (
				340624922270E9ED00B39D5B /* Application */,
				340624932270E9F600B39D5B /* Core */,
			);
			path = VKDemo;
			sourceTree = "<group>";
		};
		340624922270E9ED00B39D5B /* Application */ = {
			isa = PBXGroup;
			children = (
				3406249C2270EA8100B39D5B /* Resources */,
				340624952270EA0A00B39D5B /* Configurations */,
			);
			path = Application;
			sourceTree = "<group>";
		};
		340624932270E9F600B39D5B /* Core */ = {
			isa = PBXGroup;
			children = (
				345530BC229DA6050069E335 /* Models */,
				3406249B2270EA4900B39D5B /* Modules */,
				3436A01222AC1B9900D8E72E /* Coordinators */,
				345530B8229D85420069E335 /* Dependencies */,
				3406249E2270EAB300B39D5B /* UI */,
				340624A22270EEC100B39D5B /* Common&Base&Extensions */,
			);
			path = Core;
			sourceTree = "<group>";
		};
		340624942270EA0200B39D5B /* Before auth (Rx) */ = {
			isa = PBXGroup;
			children = (
				3406249F2270ECA200B39D5B /* BaseCoordinator.swift */,
				340624AD2270F06D00B39D5B /* AppCoordinator.swift */,
				3408FA5A228C6EA100433B61 /* SignInCoordinator.swift */,
				3436A01022ABF7E800D8E72E /* WelcomeCoordinator.swift */,
			);
			path = "Before auth (Rx)";
			sourceTree = "<group>";
		};
		340624952270EA0A00B39D5B /* Configurations */ = {
			isa = PBXGroup;
			children = (
				3406248C2270E9A200B39D5B /* Info.plist */,
			);
			path = Configurations;
			sourceTree = "<group>";
		};
		340624962270EA1800B39D5B /* Managers */ = {
			isa = PBXGroup;
			children = (
				3489942322A7C2D000CC0E5B /* FeedManager */,
				345530B9229DA3520069E335 /* UserSessionManager */,
			);
			path = Managers;
			sourceTree = "<group>";
		};
		340624982270EA2400B39D5B /* Parsers */ = {
			isa = PBXGroup;
			children = (
			);
			path = Parsers;
			sourceTree = "<group>";
		};
		3406249A2270EA4000B39D5B /* Services */ = {
			isa = PBXGroup;
			children = (
				349BB8EE22AE7DAD003397DC /* Feed */,
			);
			path = Services;
			sourceTree = "<group>";
		};
		3406249B2270EA4900B39D5B /* Modules */ = {
			isa = PBXGroup;
			children = (
				3436A01622AC2FFD00D8E72E /* Before_auth_(Rx) */,
				3436A01722AC302000D8E72E /* Authed_(Non-Rx) */,
			);
			path = Modules;
			sourceTree = "<group>";
		};
		3406249C2270EA8100B39D5B /* Resources */ = {
			isa = PBXGroup;
			children = (
				3408FA53228C42D500433B61 /* Assets.xcassets */,
				3408FA58228C4FFE00433B61 /* Colors.xcassets */,
			);
			path = Resources;
			sourceTree = "<group>";
		};
		3406249E2270EAB300B39D5B /* UI */ = {
			isa = PBXGroup;
			children = (
				3408FA55228C4B7600433B61 /* Custom Buttons */,
				34D2D52E2289D971007A8113 /* Custom Views */,
				340624842270E9A000B39D5B /* Main.storyboard */,
				340624892270E9A200B39D5B /* LaunchScreen.storyboard */,
				3408FA79228C9B5700433B61 /* AuthViewController.xib */,
			);
			path = UI;
			sourceTree = "<group>";
		};
		340624A22270EEC100B39D5B /* Common&Base&Extensions */ = {
			isa = PBXGroup;
			children = (
				340624802270E9A000B39D5B /* AppDelegate.swift */,
				341F0E1822B18764007791F8 /* UI */,
				341F0E1722B18738007791F8 /* Networking */,
				3436A01922AC484900D8E72E /* VIPER */,
			);
			path = "Common&Base&Extensions";
			sourceTree = "<group>";
		};
		340829C322A19B5B00A31ABB /* DAO */ = {
			isa = PBXGroup;
			children = (
				340829C422A19BC800A31ABB /* SessionDao.swift */,
			);
			path = DAO;
			sourceTree = "<group>";
		};
		3408FA55228C4B7600433B61 /* Custom Buttons */ = {
			isa = PBXGroup;
			children = (
				3408FA56228C4BAC00433B61 /* VkEnterButton.swift */,
			);
			path = "Custom Buttons";
			sourceTree = "<group>";
		};
		3408FA5E228C79E200433B61 /* DI */ = {
			isa = PBXGroup;
			children = (
				3408FA6A228C7A8100433B61 /* ConfigContainer.swift */,
				3408FA63228C7A8000433B61 /* CoordinatorContainer.swift */,
				3408FA64228C7A8000433B61 /* CoreContainer.swift */,
				3408FA67228C7A8100433B61 /* DaoContainer.swift */,
				3408FA65228C7A8000433B61 /* DataContainer.swift */,
				3408FA66228C7A8000433B61 /* ParseContainer.swift */,
				3408FA69228C7A8100433B61 /* PresentationContainer.swift */,
				3408FA68228C7A8100433B61 /* ServiceContainer.swift */,
				3408FA5F228C79EF00433B61 /* DI.swift */,
				3408FA61228C7A3F00433B61 /* DIContainer.swift */,
			);
			path = DI;
			sourceTree = "<group>";
		};
		341F0E1722B18738007791F8 /* Networking */ = {
			isa = PBXGroup;
			children = (
				341F0E1922B1878A007791F8 /* Codable */,
				349BB8F822AEF047003397DC /* MappedResponse.swift */,
				349BB8F122AE9B6E003397DC /* MoyaProvider+Mapping.swift */,
				340624A72270EF0F00B39D5B /* RequestResponse.swift */,
				340624A62270EF0F00B39D5B /* RequestError.swift */,
				340624A42270EF0F00B39D5B /* HTTPStatusCodes+Extensions.swift */,
				340624A52270EF0F00B39D5B /* HTTPStatusCodes.swift */,
			);
			path = Networking;
			sourceTree = "<group>";
		};
		341F0E1822B18764007791F8 /* UI */ = {
			isa = PBXGroup;
			children = (
				3436A02C22AE731300D8E72E /* UIColor+Factory.swift */,
				3408FA77228C9B0200433B61 /* UIViewController+Init.swift */,
				3408FA5C228C743400433B61 /* UIButton+BackgroundColor.swift */,
				3436A02A22AE71CD00D8E72E /* UIView+InCallStatusBar.swift */,
			);
			path = UI;
			sourceTree = "<group>";
		};
		341F0E1922B1878A007791F8 /* Codable */ = {
			isa = PBXGroup;
			children = (
				341F0E1A22B1879A007791F8 /* BoolInt.swift */,
			);
			path = Codable;
			sourceTree = "<group>";
		};
		3436A01222AC1B9900D8E72E /* Coordinators */ = {
			isa = PBXGroup;
			children = (
				340624942270EA0200B39D5B /* Before auth (Rx) */,
				3436A01822AC304D00D8E72E /* Authed (Non-Rx) */,
			);
			path = Coordinators;
			sourceTree = "<group>";
		};
		3436A01622AC2FFD00D8E72E /* Before_auth_(Rx) */ = {
			isa = PBXGroup;
			children = (
				345530AF229C43910069E335 /* SignIn */,
				34D2D5292289A4E2007A8113 /* #Auth */,
			);
			path = "Before_auth_(Rx)";
			sourceTree = "<group>";
		};
		3436A01722AC302000D8E72E /* Authed_(Non-Rx) */ = {
			isa = PBXGroup;
			children = (
				7D8DE90D6F1C1EB362B57926 /* Feed */,
				C09D8C6F95C5065234952721 /* Chat */,
			);
			path = "Authed_(Non-Rx)";
			sourceTree = "<group>";
		};
		3436A01822AC304D00D8E72E /* Authed (Non-Rx) */ = {
			isa = PBXGroup;
			children = (
				3436A01322AC1BB200D8E72E /* MainTabBarCoordinator.swift */,
			);
			path = "Authed (Non-Rx)";
			sourceTree = "<group>";
		};
		3436A01922AC484900D8E72E /* VIPER */ = {
			isa = PBXGroup;
			children = (
				3436A02822AE711A00D8E72E /* UIViewController+Style.swift */,
				3436A02622AE700600D8E72E /* BaseViewController.swift */,
				3436A01E22AC48A400D8E72E /* ViperModuleInitializer.swift */,
				3436A01B22AC48A400D8E72E /* ViperModuleInput.swift */,
				3436A01A22AC48A400D8E72E /* ViperModuleOutput.swift */,
				3436A01C22AC48A400D8E72E /* ViperModuleTransitionHandler.swift */,
				3436A01F22AC48A400D8E72E /* ViperRouterProtocol.swift */,
				3436A01D22AC48A400D8E72E /* ViperViewController.swift */,
			);
			path = VIPER;
			sourceTree = "<group>";
		};
		345530AF229C43910069E335 /* SignIn */ = {
			isa = PBXGroup;
			children = (
				345530B0229C43A50069E335 /* SignInViewController.swift */,
				345530B2229C43B30069E335 /* SignInViewModel.swift */,
				345530B4229C43DE0069E335 /* SignInViewController.xib */,
			);
			path = SignIn;
			sourceTree = "<group>";
		};
		345530B8229D85420069E335 /* Dependencies */ = {
			isa = PBXGroup;
			children = (
				3408FA5E228C79E200433B61 /* DI */,
				340624962270EA1800B39D5B /* Managers */,
				3406249A2270EA4000B39D5B /* Services */,
				349BB8F522AEC68B003397DC /* Plugins */,
				340829C322A19B5B00A31ABB /* DAO */,
				340624982270EA2400B39D5B /* Parsers */,
			);
			path = Dependencies;
			sourceTree = "<group>";
		};
		345530B9229DA3520069E335 /* UserSessionManager */ = {
			isa = PBXGroup;
			children = (
				345530B6229D84FD0069E335 /* UserSessionManager.swift */,
				345530BA229DA3860069E335 /* IUserSessionManager.swift */,
			);
			path = UserSessionManager;
			sourceTree = "<group>";
		};
		345530BC229DA6050069E335 /* Models */ = {
			isa = PBXGroup;
			children = (
				345530BD229DA60A0069E335 /* Codable */,
				345530BE229DA68B0069E335 /* Catalogs */,
				345530BF229DA6940069E335 /* POSO */,
			);
			path = Models;
			sourceTree = "<group>";
		};
		345530BD229DA60A0069E335 /* Codable */ = {
			isa = PBXGroup;
			children = (
				349BB8FD22AEFA09003397DC /* Dto */,
				349BB8FC22AEF9F9003397DC /* Responses */,
			);
			path = Codable;
			sourceTree = "<group>";
		};
		345530BE229DA68B0069E335 /* Catalogs */ = {
			isa = PBXGroup;
			children = (
			);
			path = Catalogs;
			sourceTree = "<group>";
		};
		345530BF229DA6940069E335 /* POSO */ = {
			isa = PBXGroup;
			children = (
			);
			path = POSO;
			sourceTree = "<group>";
		};
		3489942322A7C2D000CC0E5B /* FeedManager */ = {
			isa = PBXGroup;
			children = (
				3489942422A7C2E500CC0E5B /* FeedManager.swift */,
				3489942622A7C2EC00CC0E5B /* IFeedManager.swift */,
			);
			path = FeedManager;
			sourceTree = "<group>";
		};
		349BB8E622AE7699003397DC /* Cell */ = {
			isa = PBXGroup;
			children = (
				349BB8E722AE76AC003397DC /* FeedTableViewCell.swift */,
				349BB8EA22AE76BF003397DC /* FeedTableViewCell.xib */,
			);
			path = Cell;
			sourceTree = "<group>";
		};
		349BB8EE22AE7DAD003397DC /* Feed */ = {
			isa = PBXGroup;
			children = (
				349BB8EF22AE7DC1003397DC /* FeedTarget.swift */,
			);
			path = Feed;
			sourceTree = "<group>";
		};
		349BB8F522AEC68B003397DC /* Plugins */ = {
			isa = PBXGroup;
			children = (
				349BB8F622AEC838003397DC /* VKAccessTokenPlugin.swift */,
			);
			path = Plugins;
			sourceTree = "<group>";
		};
		349BB8FC22AEF9F9003397DC /* Responses */ = {
			isa = PBXGroup;
			children = (
				349BB8FA22AEF543003397DC /* FeedResponse.swift */,
			);
			path = Responses;
			sourceTree = "<group>";
		};
		349BB8FD22AEFA09003397DC /* Dto */ = {
			isa = PBXGroup;
			children = (
				349BB8FE22AEFA18003397DC /* FeedItemDto.swift */,
				341F0E1C22B18923007791F8 /* AttachmentDto.swift */,
				341F0E1E22B18966007791F8 /* PhotoDto.swift */,
				341F0E2022B18993007791F8 /* VideoDto.swift */,
			);
			path = Dto;
			sourceTree = "<group>";
		};
		34D2D5292289A4E2007A8113 /* #Auth */ = {
			isa = PBXGroup;
			children = (
				34D2D52A2289A808007A8113 /* AuthViewController.swift */,
				34D2D52C2289A815007A8113 /* AuthViewModel.swift */,
			);
			path = "#Auth";
			sourceTree = "<group>";
		};
		34D2D52E2289D971007A8113 /* Custom Views */ = {
			isa = PBXGroup;
			children = (
				34D2D52F2289D986007A8113 /* VkLogoView.swift */,
			);
			path = "Custom Views";
			sourceTree = "<group>";
		};
		45939E91365AEFF8C2A5CC56 /* Presenter */ = {
			isa = PBXGroup;
			children = (
				D9DEA7F5E1C5F4F78E8516FB /* FeedPresenter.swift */,
			);
			path = Presenter;
			sourceTree = "<group>";
		};
		480A1EF694E3A4DB57336420 /* Router */ = {
			isa = PBXGroup;
			children = (
				8FDE9F337A34870B97D8DC62 /* ChatRouterInput.swift */,
				A649AB506DE1BE9F3AD7B6BE /* ChatRouter.swift */,
			);
			path = Router;
			sourceTree = "<group>";
		};
		7243BCB4A6DEA4C8D6EC467C /* View */ = {
			isa = PBXGroup;
			children = (
				349BB8E622AE7699003397DC /* Cell */,
				F0D942B52393362D5BB1048B /* FeedViewController.swift */,
				FB1D8388E7C9BDA825FFB098 /* FeedViewController.xib */,
				EB7248A6CE59E261BFCD0A95 /* FeedViewInput.swift */,
				EEB99552CB72701B15DDB287 /* FeedViewOutput.swift */,
			);
			path = View;
			sourceTree = "<group>";
		};
		7D8DE90D6F1C1EB362B57926 /* Feed */ = {
			isa = PBXGroup;
			children = (
				22442428BC60D83304463980 /* Router */,
				45939E91365AEFF8C2A5CC56 /* Presenter */,
				7243BCB4A6DEA4C8D6EC467C /* View */,
			);
			path = Feed;
			sourceTree = "<group>";
		};
		B8933D810FA23DC089BBCD4D /* Frameworks */ = {
			isa = PBXGroup;
			children = (
				5B17F4096A4223227EB8E514 /* Pods_VKDemo.framework */,
			);
			name = Frameworks;
			sourceTree = "<group>";
		};
		C09D8C6F95C5065234952721 /* Chat */ = {
			isa = PBXGroup;
			children = (
				480A1EF694E3A4DB57336420 /* Router */,
				FC6DA650276F673346A966CF /* Presenter */,
				0D920FC8439DBBFDBEDA2AD1 /* View */,
			);
			path = Chat;
			sourceTree = "<group>";
		};
		FC6DA650276F673346A966CF /* Presenter */ = {
			isa = PBXGroup;
			children = (
				A611E03E685F7C9F7CFA868A /* ChatPresenter.swift */,
			);
			path = Presenter;
			sourceTree = "<group>";
		};
/* End PBXGroup section */

/* Begin PBXNativeTarget section */
		3406247C2270E9A000B39D5B /* VKDemo */ = {
			isa = PBXNativeTarget;
			buildConfigurationList = 3406248F2270E9A200B39D5B /* Build configuration list for PBXNativeTarget "VKDemo" */;
			buildPhases = (
				EACCC95E1D4A44F0CCB589A1 /* [CP] Check Pods Manifest.lock */,
				340624792270E9A000B39D5B /* Sources */,
				3406247A2270E9A000B39D5B /* Frameworks */,
				3406247B2270E9A000B39D5B /* Resources */,
				CA70CDA88334B952570B4627 /* [CP] Embed Pods Frameworks */,
			);
			buildRules = (
			);
			dependencies = (
			);
			name = VKDemo;
			productName = VKDemo;
			productReference = 3406247D2270E9A000B39D5B /* VKDemo.app */;
			productType = "com.apple.product-type.application";
		};
/* End PBXNativeTarget section */

/* Begin PBXProject section */
		340624752270E9A000B39D5B /* Project object */ = {
			isa = PBXProject;
			attributes = {
				LastSwiftUpdateCheck = 1020;
				LastUpgradeCheck = 1020;
				ORGANIZATIONNAME = "Anton Krylov";
				TargetAttributes = {
					3406247C2270E9A000B39D5B = {
						CreatedOnToolsVersion = 10.2;
					};
				};
			};
			buildConfigurationList = 340624782270E9A000B39D5B /* Build configuration list for PBXProject "VKDemo" */;
			compatibilityVersion = "Xcode 9.3";
			developmentRegion = en;
			hasScannedForEncodings = 0;
			knownRegions = (
				en,
				Base,
			);
			mainGroup = 340624742270E9A000B39D5B;
			productRefGroup = 3406247E2270E9A000B39D5B /* Products */;
			projectDirPath = "";
			projectRoot = "";
			targets = (
				3406247C2270E9A000B39D5B /* VKDemo */,
			);
		};
/* End PBXProject section */

/* Begin PBXResourcesBuildPhase section */
		3406247B2270E9A000B39D5B /* Resources */ = {
			isa = PBXResourcesBuildPhase;
			buildActionMask = 2147483647;
			files = (
				349BB8EB22AE76BF003397DC /* FeedTableViewCell.xib in Resources */,
				3406248B2270E9A200B39D5B /* LaunchScreen.storyboard in Resources */,
				3408FA59228C4FFE00433B61 /* Colors.xcassets in Resources */,
				3408FA7A228C9B5700433B61 /* AuthViewController.xib in Resources */,
				3408FA54228C42D500433B61 /* Assets.xcassets in Resources */,
				345530B5229C43DE0069E335 /* SignInViewController.xib in Resources */,
				340624862270E9A000B39D5B /* Main.storyboard in Resources */,
				F9125172C8BBC013C736168C /* FeedViewController.xib in Resources */,
				439794A3950B2DDF3E22E347 /* ChatViewController.xib in Resources */,
			);
			runOnlyForDeploymentPostprocessing = 0;
		};
/* End PBXResourcesBuildPhase section */

/* Begin PBXShellScriptBuildPhase section */
		CA70CDA88334B952570B4627 /* [CP] Embed Pods Frameworks */ = {
			isa = PBXShellScriptBuildPhase;
			buildActionMask = 2147483647;
			files = (
			);
			inputFileListPaths = (
			);
			inputPaths = (
				"${PODS_ROOT}/Target Support Files/Pods-VKDemo/Pods-VKDemo-frameworks.sh",
				"${BUILT_PRODUCTS_DIR}/Alamofire/Alamofire.framework",
				"${BUILT_PRODUCTS_DIR}/Moya/Moya.framework",
				"${BUILT_PRODUCTS_DIR}/Reachability/Reachability.framework",
				"${BUILT_PRODUCTS_DIR}/Result/Result.framework",
				"${BUILT_PRODUCTS_DIR}/RxAlamofire/RxAlamofire.framework",
				"${BUILT_PRODUCTS_DIR}/RxCocoa/RxCocoa.framework",
				"${BUILT_PRODUCTS_DIR}/RxSwift/RxSwift.framework",
				"${BUILT_PRODUCTS_DIR}/RxWebKit/RxWebKit.framework",
			);
			name = "[CP] Embed Pods Frameworks";
			outputFileListPaths = (
			);
			outputPaths = (
				"${TARGET_BUILD_DIR}/${FRAMEWORKS_FOLDER_PATH}/Alamofire.framework",
				"${TARGET_BUILD_DIR}/${FRAMEWORKS_FOLDER_PATH}/Moya.framework",
				"${TARGET_BUILD_DIR}/${FRAMEWORKS_FOLDER_PATH}/Reachability.framework",
				"${TARGET_BUILD_DIR}/${FRAMEWORKS_FOLDER_PATH}/Result.framework",
				"${TARGET_BUILD_DIR}/${FRAMEWORKS_FOLDER_PATH}/RxAlamofire.framework",
				"${TARGET_BUILD_DIR}/${FRAMEWORKS_FOLDER_PATH}/RxCocoa.framework",
				"${TARGET_BUILD_DIR}/${FRAMEWORKS_FOLDER_PATH}/RxSwift.framework",
				"${TARGET_BUILD_DIR}/${FRAMEWORKS_FOLDER_PATH}/RxWebKit.framework",
			);
			runOnlyForDeploymentPostprocessing = 0;
			shellPath = /bin/sh;
			shellScript = "\"${PODS_ROOT}/Target Support Files/Pods-VKDemo/Pods-VKDemo-frameworks.sh\"\n";
			showEnvVarsInLog = 0;
		};
		EACCC95E1D4A44F0CCB589A1 /* [CP] Check Pods Manifest.lock */ = {
			isa = PBXShellScriptBuildPhase;
			buildActionMask = 2147483647;
			files = (
			);
			inputFileListPaths = (
			);
			inputPaths = (
				"${PODS_PODFILE_DIR_PATH}/Podfile.lock",
				"${PODS_ROOT}/Manifest.lock",
			);
			name = "[CP] Check Pods Manifest.lock";
			outputFileListPaths = (
			);
			outputPaths = (
				"$(DERIVED_FILE_DIR)/Pods-VKDemo-checkManifestLockResult.txt",
			);
			runOnlyForDeploymentPostprocessing = 0;
			shellPath = /bin/sh;
			shellScript = "diff \"${PODS_PODFILE_DIR_PATH}/Podfile.lock\" \"${PODS_ROOT}/Manifest.lock\" > /dev/null\nif [ $? != 0 ] ; then\n    # print error to STDERR\n    echo \"error: The sandbox is not in sync with the Podfile.lock. Run 'pod install' or update your CocoaPods installation.\" >&2\n    exit 1\nfi\n# This output is used by Xcode 'outputs' to avoid re-running this script phase.\necho \"SUCCESS\" > \"${SCRIPT_OUTPUT_FILE_0}\"\n";
			showEnvVarsInLog = 0;
		};
/* End PBXShellScriptBuildPhase section */

/* Begin PBXSourcesBuildPhase section */
		340624792270E9A000B39D5B /* Sources */ = {
			isa = PBXSourcesBuildPhase;
			buildActionMask = 2147483647;
			files = (
				349BB8FF22AEFA18003397DC /* FeedItemDto.swift in Sources */,
				3408FA57228C4BAC00433B61 /* VkEnterButton.swift in Sources */,
				340624AA2270EF0F00B39D5B /* HTTPStatusCodes.swift in Sources */,
				340624A92270EF0F00B39D5B /* HTTPStatusCodes+Extensions.swift in Sources */,
				3436A01122ABF7E800D8E72E /* WelcomeCoordinator.swift in Sources */,
				345530BB229DA3860069E335 /* IUserSessionManager.swift in Sources */,
				34D2D5302289D986007A8113 /* VkLogoView.swift in Sources */,
				3436A01422AC1BB200D8E72E /* MainTabBarCoordinator.swift in Sources */,
				3436A02122AC48A400D8E72E /* ViperModuleInput.swift in Sources */,
				345530B3229C43B30069E335 /* SignInViewModel.swift in Sources */,
				349BB8E822AE76AC003397DC /* FeedTableViewCell.swift in Sources */,
				340624AB2270EF0F00B39D5B /* RequestError.swift in Sources */,
				3436A02222AC48A400D8E72E /* ViperModuleTransitionHandler.swift in Sources */,
				3408FA5D228C743400433B61 /* UIButton+BackgroundColor.swift in Sources */,
				3408FA6C228C7A8100433B61 /* CoreContainer.swift in Sources */,
				349BB8F022AE7DC1003397DC /* FeedTarget.swift in Sources */,
				3436A02722AE700700D8E72E /* BaseViewController.swift in Sources */,
				3408FA60228C79EF00433B61 /* DI.swift in Sources */,
				345530B1229C43A50069E335 /* SignInViewController.swift in Sources */,
				3436A02322AC48A400D8E72E /* ViperViewController.swift in Sources */,
				345530B7229D84FD0069E335 /* UserSessionManager.swift in Sources */,
				3408FA62228C7A3F00433B61 /* DIContainer.swift in Sources */,
				3408FA70228C7A8100433B61 /* ServiceContainer.swift in Sources */,
				340624812270E9A000B39D5B /* AppDelegate.swift in Sources */,
				349BB8F722AEC838003397DC /* VKAccessTokenPlugin.swift in Sources */,
				3436A02922AE711A00D8E72E /* UIViewController+Style.swift in Sources */,
				3489942722A7C2EC00CC0E5B /* IFeedManager.swift in Sources */,
				34D2D52B2289A808007A8113 /* AuthViewController.swift in Sources */,
				3408FA6D228C7A8100433B61 /* DataContainer.swift in Sources */,
				340624AC2270EF0F00B39D5B /* RequestResponse.swift in Sources */,
				341F0E1D22B18923007791F8 /* AttachmentDto.swift in Sources */,
				341F0E2122B18993007791F8 /* VideoDto.swift in Sources */,
				340624A02270ECA200B39D5B /* BaseCoordinator.swift in Sources */,
				3408FA72228C7A8100433B61 /* ConfigContainer.swift in Sources */,
				3436A02D22AE731300D8E72E /* UIColor+Factory.swift in Sources */,
				3408FA6B228C7A8100433B61 /* CoordinatorContainer.swift in Sources */,
				3489942522A7C2E500CC0E5B /* FeedManager.swift in Sources */,
				3436A02022AC48A400D8E72E /* ViperModuleOutput.swift in Sources */,
				349BB8F222AE9B6E003397DC /* MoyaProvider+Mapping.swift in Sources */,
				340624AE2270F06D00B39D5B /* AppCoordinator.swift in Sources */,
				3408FA6F228C7A8100433B61 /* DaoContainer.swift in Sources */,
				3436A02522AC48A400D8E72E /* ViperRouterProtocol.swift in Sources */,
				3408FA6E228C7A8100433B61 /* ParseContainer.swift in Sources */,
				3408FA78228C9B0200433B61 /* UIViewController+Init.swift in Sources */,
				3408FA71228C7A8100433B61 /* PresentationContainer.swift in Sources */,
				3408FA5B228C6EA100433B61 /* SignInCoordinator.swift in Sources */,
				34D2D52D2289A815007A8113 /* AuthViewModel.swift in Sources */,
				340829C522A19BC800A31ABB /* SessionDao.swift in Sources */,
				349BB8F922AEF047003397DC /* MappedResponse.swift in Sources */,
				3436A02422AC48A400D8E72E /* ViperModuleInitializer.swift in Sources */,
				3436A02B22AE71CD00D8E72E /* UIView+InCallStatusBar.swift in Sources */,
				CC73CAC264A8040490DF068A /* FeedRouterInput.swift in Sources */,
				39AA7A4BC4E3EFD84BD41DD0 /* FeedRouter.swift in Sources */,
				341F0E1B22B1879A007791F8 /* BoolInt.swift in Sources */,
				349BB8FB22AEF543003397DC /* FeedResponse.swift in Sources */,
				C64958277887EF491CCC0417 /* FeedPresenter.swift in Sources */,
				76F94FDFB4D42EFCCF2344C4 /* FeedViewController.swift in Sources */,
				48131229FB534D311E6056E2 /* FeedViewInput.swift in Sources */,
				341F0E1F22B18966007791F8 /* PhotoDto.swift in Sources */,
				8809F9D68A534FF626FD18AC /* FeedViewOutput.swift in Sources */,
				90583B9B14D905B9D99983E8 /* ChatRouterInput.swift in Sources */,
				B2EBCBF5A5B0A836875FF328 /* ChatRouter.swift in Sources */,
				B6928985AAEDB89737C51659 /* ChatPresenter.swift in Sources */,
				71B6A58A1B4F33BE6D662FE7 /* ChatViewController.swift in Sources */,
				36B4884318471AE32BC2694F /* ChatViewInput.swift in Sources */,
				83E43A911D52622B90E8596D /* ChatViewOutput.swift in Sources */,
			);
			runOnlyForDeploymentPostprocessing = 0;
		};
/* End PBXSourcesBuildPhase section */

/* Begin PBXVariantGroup section */
		340624842270E9A000B39D5B /* Main.storyboard */ = {
			isa = PBXVariantGroup;
			children = (
				340624852270E9A000B39D5B /* Base */,
			);
			name = Main.storyboard;
			sourceTree = "<group>";
		};
		340624892270E9A200B39D5B /* LaunchScreen.storyboard */ = {
			isa = PBXVariantGroup;
			children = (
				3406248A2270E9A200B39D5B /* Base */,
			);
			name = LaunchScreen.storyboard;
			sourceTree = "<group>";
		};
/* End PBXVariantGroup section */

/* Begin XCBuildConfiguration section */
		3406248D2270E9A200B39D5B /* Debug */ = {
			isa = XCBuildConfiguration;
			buildSettings = {
				ALWAYS_SEARCH_USER_PATHS = NO;
				CLANG_ANALYZER_NONNULL = YES;
				CLANG_ANALYZER_NUMBER_OBJECT_CONVERSION = YES_AGGRESSIVE;
				CLANG_CXX_LANGUAGE_STANDARD = "gnu++14";
				CLANG_CXX_LIBRARY = "libc++";
				CLANG_ENABLE_MODULES = YES;
				CLANG_ENABLE_OBJC_ARC = YES;
				CLANG_ENABLE_OBJC_WEAK = YES;
				CLANG_WARN_BLOCK_CAPTURE_AUTORELEASING = YES;
				CLANG_WARN_BOOL_CONVERSION = YES;
				CLANG_WARN_COMMA = YES;
				CLANG_WARN_CONSTANT_CONVERSION = YES;
				CLANG_WARN_DEPRECATED_OBJC_IMPLEMENTATIONS = YES;
				CLANG_WARN_DIRECT_OBJC_ISA_USAGE = YES_ERROR;
				CLANG_WARN_DOCUMENTATION_COMMENTS = YES;
				CLANG_WARN_EMPTY_BODY = YES;
				CLANG_WARN_ENUM_CONVERSION = YES;
				CLANG_WARN_INFINITE_RECURSION = YES;
				CLANG_WARN_INT_CONVERSION = YES;
				CLANG_WARN_NON_LITERAL_NULL_CONVERSION = YES;
				CLANG_WARN_OBJC_IMPLICIT_RETAIN_SELF = YES;
				CLANG_WARN_OBJC_LITERAL_CONVERSION = YES;
				CLANG_WARN_OBJC_ROOT_CLASS = YES_ERROR;
				CLANG_WARN_RANGE_LOOP_ANALYSIS = YES;
				CLANG_WARN_STRICT_PROTOTYPES = YES;
				CLANG_WARN_SUSPICIOUS_MOVE = YES;
				CLANG_WARN_UNGUARDED_AVAILABILITY = YES_AGGRESSIVE;
				CLANG_WARN_UNREACHABLE_CODE = YES;
				CLANG_WARN__DUPLICATE_METHOD_MATCH = YES;
				CODE_SIGN_IDENTITY = "iPhone Developer";
				COPY_PHASE_STRIP = NO;
				DEBUG_INFORMATION_FORMAT = dwarf;
				ENABLE_STRICT_OBJC_MSGSEND = YES;
				ENABLE_TESTABILITY = YES;
				GCC_C_LANGUAGE_STANDARD = gnu11;
				GCC_DYNAMIC_NO_PIC = NO;
				GCC_NO_COMMON_BLOCKS = YES;
				GCC_OPTIMIZATION_LEVEL = 0;
				GCC_PREPROCESSOR_DEFINITIONS = (
					"DEBUG=1",
					"$(inherited)",
				);
				GCC_WARN_64_TO_32_BIT_CONVERSION = YES;
				GCC_WARN_ABOUT_RETURN_TYPE = YES_ERROR;
				GCC_WARN_UNDECLARED_SELECTOR = YES;
				GCC_WARN_UNINITIALIZED_AUTOS = YES_AGGRESSIVE;
				GCC_WARN_UNUSED_FUNCTION = YES;
				GCC_WARN_UNUSED_VARIABLE = YES;
				IPHONEOS_DEPLOYMENT_TARGET = 12.0;
				MTL_ENABLE_DEBUG_INFO = INCLUDE_SOURCE;
				MTL_FAST_MATH = YES;
				ONLY_ACTIVE_ARCH = YES;
				SDKROOT = iphoneos;
				SWIFT_ACTIVE_COMPILATION_CONDITIONS = DEBUG;
				SWIFT_OPTIMIZATION_LEVEL = "-Onone";
			};
			name = Debug;
		};
		3406248E2270E9A200B39D5B /* Release */ = {
			isa = XCBuildConfiguration;
			buildSettings = {
				ALWAYS_SEARCH_USER_PATHS = NO;
				CLANG_ANALYZER_NONNULL = YES;
				CLANG_ANALYZER_NUMBER_OBJECT_CONVERSION = YES_AGGRESSIVE;
				CLANG_CXX_LANGUAGE_STANDARD = "gnu++14";
				CLANG_CXX_LIBRARY = "libc++";
				CLANG_ENABLE_MODULES = YES;
				CLANG_ENABLE_OBJC_ARC = YES;
				CLANG_ENABLE_OBJC_WEAK = YES;
				CLANG_WARN_BLOCK_CAPTURE_AUTORELEASING = YES;
				CLANG_WARN_BOOL_CONVERSION = YES;
				CLANG_WARN_COMMA = YES;
				CLANG_WARN_CONSTANT_CONVERSION = YES;
				CLANG_WARN_DEPRECATED_OBJC_IMPLEMENTATIONS = YES;
				CLANG_WARN_DIRECT_OBJC_ISA_USAGE = YES_ERROR;
				CLANG_WARN_DOCUMENTATION_COMMENTS = YES;
				CLANG_WARN_EMPTY_BODY = YES;
				CLANG_WARN_ENUM_CONVERSION = YES;
				CLANG_WARN_INFINITE_RECURSION = YES;
				CLANG_WARN_INT_CONVERSION = YES;
				CLANG_WARN_NON_LITERAL_NULL_CONVERSION = YES;
				CLANG_WARN_OBJC_IMPLICIT_RETAIN_SELF = YES;
				CLANG_WARN_OBJC_LITERAL_CONVERSION = YES;
				CLANG_WARN_OBJC_ROOT_CLASS = YES_ERROR;
				CLANG_WARN_RANGE_LOOP_ANALYSIS = YES;
				CLANG_WARN_STRICT_PROTOTYPES = YES;
				CLANG_WARN_SUSPICIOUS_MOVE = YES;
				CLANG_WARN_UNGUARDED_AVAILABILITY = YES_AGGRESSIVE;
				CLANG_WARN_UNREACHABLE_CODE = YES;
				CLANG_WARN__DUPLICATE_METHOD_MATCH = YES;
				CODE_SIGN_IDENTITY = "iPhone Developer";
				COPY_PHASE_STRIP = NO;
				DEBUG_INFORMATION_FORMAT = "dwarf-with-dsym";
				ENABLE_NS_ASSERTIONS = NO;
				ENABLE_STRICT_OBJC_MSGSEND = YES;
				GCC_C_LANGUAGE_STANDARD = gnu11;
				GCC_NO_COMMON_BLOCKS = YES;
				GCC_WARN_64_TO_32_BIT_CONVERSION = YES;
				GCC_WARN_ABOUT_RETURN_TYPE = YES_ERROR;
				GCC_WARN_UNDECLARED_SELECTOR = YES;
				GCC_WARN_UNINITIALIZED_AUTOS = YES_AGGRESSIVE;
				GCC_WARN_UNUSED_FUNCTION = YES;
				GCC_WARN_UNUSED_VARIABLE = YES;
				IPHONEOS_DEPLOYMENT_TARGET = 12.0;
				MTL_ENABLE_DEBUG_INFO = NO;
				MTL_FAST_MATH = YES;
				SDKROOT = iphoneos;
				SWIFT_COMPILATION_MODE = wholemodule;
				SWIFT_OPTIMIZATION_LEVEL = "-O";
				VALIDATE_PRODUCT = YES;
			};
			name = Release;
		};
		340624902270E9A200B39D5B /* Debug */ = {
			isa = XCBuildConfiguration;
			baseConfigurationReference = 436B60AFC158E4EC98719CD9 /* Pods-VKDemo.debug.xcconfig */;
			buildSettings = {
				ASSETCATALOG_COMPILER_APPICON_NAME = AppIcon;
				CODE_SIGN_IDENTITY = "iPhone Developer";
				CODE_SIGN_STYLE = Automatic;
				DEVELOPMENT_TEAM = 3HC88VH796;
				INFOPLIST_FILE = VKDemo/Application/Configurations/Info.plist;
				LD_RUNPATH_SEARCH_PATHS = (
					"$(inherited)",
					"@executable_path/Frameworks",
				);
				PRODUCT_BUNDLE_IDENTIFIER = myCompany.VKDemo;
				PRODUCT_NAME = "$(TARGET_NAME)";
				PROVISIONING_PROFILE_SPECIFIER = "";
				SWIFT_VERSION = 4.0;
				TARGETED_DEVICE_FAMILY = 1;
			};
			name = Debug;
		};
		340624912270E9A200B39D5B /* Release */ = {
			isa = XCBuildConfiguration;
			baseConfigurationReference = 6EC01E6C6F14070BA0DB98B7 /* Pods-VKDemo.release.xcconfig */;
			buildSettings = {
				ASSETCATALOG_COMPILER_APPICON_NAME = AppIcon;
				CODE_SIGN_IDENTITY = "iPhone Developer";
				CODE_SIGN_STYLE = Automatic;
				DEVELOPMENT_TEAM = 3HC88VH796;
				INFOPLIST_FILE = VKDemo/Application/Configurations/Info.plist;
				LD_RUNPATH_SEARCH_PATHS = (
					"$(inherited)",
					"@executable_path/Frameworks",
				);
				PRODUCT_BUNDLE_IDENTIFIER = myCompany.VKDemo;
				PRODUCT_NAME = "$(TARGET_NAME)";
				PROVISIONING_PROFILE_SPECIFIER = "";
				SWIFT_VERSION = 4.0;
				TARGETED_DEVICE_FAMILY = 1;
			};
			name = Release;
		};
/* End XCBuildConfiguration section */

/* Begin XCConfigurationList section */
		340624782270E9A000B39D5B /* Build configuration list for PBXProject "VKDemo" */ = {
			isa = XCConfigurationList;
			buildConfigurations = (
				3406248D2270E9A200B39D5B /* Debug */,
				3406248E2270E9A200B39D5B /* Release */,
			);
			defaultConfigurationIsVisible = 0;
			defaultConfigurationName = Release;
		};
		3406248F2270E9A200B39D5B /* Build configuration list for PBXNativeTarget "VKDemo" */ = {
			isa = XCConfigurationList;
			buildConfigurations = (
				340624902270E9A200B39D5B /* Debug */,
				340624912270E9A200B39D5B /* Release */,
			);
			defaultConfigurationIsVisible = 0;
			defaultConfigurationName = Release;
		};
/* End XCConfigurationList section */
	};
	rootObject = 340624752270E9A000B39D5B /* Project object */;
}
